
Microsoft Visual Studio Solution File, Format Version 12.00
# Visual Studio Version 17
Project("{8BC9CEB8-8B4A-11D0-8D11-00A0C91BC942}") = "ALL_BUILD", "ALL_BUILD.vcxproj", "{D394586F-86BF-3A50-B7BD-A4AFD6E9E16E}"
	ProjectSection(ProjectDependencies) = postProject
		{1A05C600-8C04-3E35-B3E6-CC3E923EB92A} = {1A05C600-8C04-3E35-B3E6-CC3E923EB92A}
		{23011538-83F2-3F95-8EF7-B7529D960589} = {23011538-83F2-3F95-8EF7-B7529D960589}
	EndProjectSection
EndProject
Project("{8BC9CEB8-8B4A-11D0-8D11-00A0C91BC942}") = "Continuous", "Continuous.vcxproj", "{FCD4F954-0E3C-3A88-A479-5BAE5F368A5A}"
	ProjectSection(ProjectDependencies) = postProject
		{1A05C600-8C04-3E35-B3E6-CC3E923EB92A} = {1A05C600-8C04-3E35-B3E6-CC3E923EB92A}
	EndProjectSection
EndProject
Project("{8BC9CEB8-8B4A-11D0-8D11-00A0C91BC942}") = "Experimental", "Experimental.vcxproj", "{421FFD2D-6137-32B1-BBF6-AAE066E10F09}"
	ProjectSection(ProjectDependencies) = postProject
		{1A05C600-8C04-3E35-B3E6-CC3E923EB92A} = {1A05C600-8C04-3E35-B3E6-CC3E923EB92A}
	EndProjectSection
EndProject
Project("{8BC9CEB8-8B4A-11D0-8D11-00A0C91BC942}") = "Nightly", "Nightly.vcxproj", "{24B43A67-C6EF-3635-9B6D-EFC9FBE285E5}"
	ProjectSection(ProjectDependencies) = postProject
		{1A05C600-8C04-3E35-B3E6-CC3E923EB92A} = {1A05C600-8C04-3E35-B3E6-CC3E923EB92A}
	EndProjectSection
EndProject
Project("{8BC9CEB8-8B4A-11D0-8D11-00A0C91BC942}") = "NightlyMemoryCheck", "NightlyMemoryCheck.vcxproj", "{9F1904F9-800B-3D44-9315-1B5F74BB9F70}"
	ProjectSection(ProjectDependencies) = postProject
		{1A05C600-8C04-3E35-B3E6-CC3E923EB92A} = {1A05C600-8C04-3E35-B3E6-CC3E923EB92A}
	EndProjectSection
EndProject
Project("{8BC9CEB8-8B4A-11D0-8D11-00A0C91BC942}") = "RUN_TESTS", "RUN_TESTS.vcxproj", "{02A882C5-9863-3A54-B491-DAF14AC05FC7}"
	ProjectSection(ProjectDependencies) = postProject
		{1A05C600-8C04-3E35-B3E6-CC3E923EB92A} = {1A05C600-8C04-3E35-B3E6-CC3E923EB92A}
	EndProjectSection
EndProject
Project("{8BC9CEB8-8B4A-11D0-8D11-00A0C91BC942}") = "ZERO_CHECK", "ZERO_CHECK.vcxproj", "{1A05C600-8C04-3E35-B3E6-CC3E923EB92A}"
	ProjectSection(ProjectDependencies) = postProject
	EndProjectSection
EndProject
Project("{8BC9CEB8-8B4A-11D0-8D11-00A0C91BC942}") = "testvecs", "tests\testvecs.vcxproj", "{23011538-83F2-3F95-8EF7-B7529D960589}"
	ProjectSection(ProjectDependencies) = postProject
		{1A05C600-8C04-3E35-B3E6-CC3E923EB92A} = {1A05C600-8C04-3E35-B3E6-CC3E923EB92A}
	EndProjectSection
EndProject
Global
	GlobalSection(SolutionConfigurationPlatforms) = preSolution
		Debug|win32 = Debug|win32
		Release|win32 = Release|win32
		MinSizeRel|win32 = MinSizeRel|win32
		RelWithDebInfo|win32 = RelWithDebInfo|win32
	EndGlobalSection
	GlobalSection(ProjectConfigurationPlatforms) = postSolution
		{D394586F-86BF-3A50-B7BD-A4AFD6E9E16E}.Debug|win32.ActiveCfg = Debug|win32
		{D394586F-86BF-3A50-B7BD-A4AFD6E9E16E}.Release|win32.ActiveCfg = Release|win32
		{D394586F-86BF-3A50-B7BD-A4AFD6E9E16E}.MinSizeRel|win32.ActiveCfg = MinSizeRel|win32
		{D394586F-86BF-3A50-B7BD-A4AFD6E9E16E}.RelWithDebInfo|win32.ActiveCfg = RelWithDebInfo|win32
		{FCD4F954-0E3C-3A88-A479-5BAE5F368A5A}.Debug|win32.ActiveCfg = Debug|win32
		{FCD4F954-0E3C-3A88-A479-5BAE5F368A5A}.Release|win32.ActiveCfg = Release|win32
		{FCD4F954-0E3C-3A88-A479-5BAE5F368A5A}.MinSizeRel|win32.ActiveCfg = MinSizeRel|win32
		{FCD4F954-0E3C-3A88-A479-5BAE5F368A5A}.RelWithDebInfo|win32.ActiveCfg = RelWithDebInfo|win32
		{421FFD2D-6137-32B1-BBF6-AAE066E10F09}.Debug|win32.ActiveCfg = Debug|win32
		{421FFD2D-6137-32B1-BBF6-AAE066E10F09}.Release|win32.ActiveCfg = Release|win32
		{421FFD2D-6137-32B1-BBF6-AAE066E10F09}.MinSizeRel|win32.ActiveCfg = MinSizeRel|win32
		{421FFD2D-6137-32B1-BBF6-AAE066E10F09}.RelWithDebInfo|win32.ActiveCfg = RelWithDebInfo|win32
		{24B43A67-C6EF-3635-9B6D-EFC9FBE285E5}.Debug|win32.ActiveCfg = Debug|win32
		{24B43A67-C6EF-3635-9B6D-EFC9FBE285E5}.Release|win32.ActiveCfg = Release|win32
		{24B43A67-C6EF-3635-9B6D-EFC9FBE285E5}.MinSizeRel|win32.ActiveCfg = MinSizeRel|win32
		{24B43A67-C6EF-3635-9B6D-EFC9FBE285E5}.RelWithDebInfo|win32.ActiveCfg = RelWithDebInfo|win32
		{9F1904F9-800B-3D44-9315-1B5F74BB9F70}.Debug|win32.ActiveCfg = Debug|win32
		{9F1904F9-800B-3D44-9315-1B5F74BB9F70}.Release|win32.ActiveCfg = Release|win32
		{9F1904F9-800B-3D44-9315-1B5F74BB9F70}.MinSizeRel|win32.ActiveCfg = MinSizeRel|win32
		{9F1904F9-800B-3D44-9315-1B5F74BB9F70}.RelWithDebInfo|win32.ActiveCfg = RelWithDebInfo|win32
		{02A882C5-9863-3A54-B491-DAF14AC05FC7}.Debug|win32.ActiveCfg = Debug|win32
		{02A882C5-9863-3A54-B491-DAF14AC05FC7}.Release|win32.ActiveCfg = Release|win32
		{02A882C5-9863-3A54-B491-DAF14AC05FC7}.MinSizeRel|win32.ActiveCfg = MinSizeRel|win32
		{02A882C5-9863-3A54-B491-DAF14AC05FC7}.RelWithDebInfo|win32.ActiveCfg = RelWithDebInfo|win32
		{1A05C600-8C04-3E35-B3E6-CC3E923EB92A}.Debug|win32.ActiveCfg = Debug|win32
		{1A05C600-8C04-3E35-B3E6-CC3E923EB92A}.Debug|win32.Build.0 = Debug|win32
		{1A05C600-8C04-3E35-B3E6-CC3E923EB92A}.Release|win32.ActiveCfg = Release|win32
		{1A05C600-8C04-3E35-B3E6-CC3E923EB92A}.Release|win32.Build.0 = Release|win32
		{1A05C600-8C04-3E35-B3E6-CC3E923EB92A}.MinSizeRel|win32.ActiveCfg = MinSizeRel|win32
		{1A05C600-8C04-3E35-B3E6-CC3E923EB92A}.MinSizeRel|win32.Build.0 = MinSizeRel|win32
		{1A05C600-8C04-3E35-B3E6-CC3E923EB92A}.RelWithDebInfo|win32.ActiveCfg = RelWithDebInfo|win32
		{1A05C600-8C04-3E35-B3E6-CC3E923EB92A}.RelWithDebInfo|win32.Build.0 = RelWithDebInfo|win32
		{23011538-83F2-3F95-8EF7-B7529D960589}.Debug|win32.ActiveCfg = Debug|win32
		{23011538-83F2-3F95-8EF7-B7529D960589}.Debug|win32.Build.0 = Debug|win32
		{23011538-83F2-3F95-8EF7-B7529D960589}.Release|win32.ActiveCfg = Release|win32
		{23011538-83F2-3F95-8EF7-B7529D960589}.Release|win32.Build.0 = Release|win32
		{23011538-83F2-3F95-8EF7-B7529D960589}.MinSizeRel|win32.ActiveCfg = MinSizeRel|win32
		{23011538-83F2-3F95-8EF7-B7529D960589}.MinSizeRel|win32.Build.0 = MinSizeRel|win32
		{23011538-83F2-3F95-8EF7-B7529D960589}.RelWithDebInfo|win32.ActiveCfg = RelWithDebInfo|win32
		{23011538-83F2-3F95-8EF7-B7529D960589}.RelWithDebInfo|win32.Build.0 = RelWithDebInfo|win32
	EndGlobalSection
	GlobalSection(ExtensibilityGlobals) = postSolution
		SolutionGuid = {DFC4F933-080D-326D-A2A9-FB5477D603D9}
	EndGlobalSection
	GlobalSection(ExtensibilityAddIns) = postSolution
	EndGlobalSection
EndGlobal
